# THIS IS AN AUTOGENERATED FILE. DO NOT EDIT THIS FILE DIRECTLY.
# yarn lockfile v1


bootstrap@^5.3.8:
  version "5.3.8"
  resolved "https://registry.yarnpkg.com/bootstrap/-/bootstrap-5.3.8.tgz#6401a10057a22752d21f4e19055508980656aeed"
  integrity sha512-HP1SZDqaLDPwsNiqRqi5NcP0SSXciX2s9E+RyqJIIqGo+vJeN5AJVM98CXmW/Wux0nQ5L7jeWUdplCEf0Ee+tg==

jalaali-js@^1.2.7:
  version "1.2.8"
  resolved "https://registry.yarnpkg.com/jalaali-js/-/jalaali-js-1.2.8.tgz#dfc80398a0c4b4182f3eb883363b3b621e7a3878"
  integrity sha512-Jl/EwY84JwjW2wsWqeU4pNd22VNQ7EkjI36bDuLw31wH98WQW4fPjD0+mG7cdCK+Y8D6s9R3zLiQ3LaKu6bD8A==

md.bootstrappersiandatetimepicker@^4.0.6:
  version "4.5.0"
  resolved "https://registry.yarnpkg.com/md.bootstrappersiandatetimepicker/-/md.bootstrappersiandatetimepicker-4.5.0.tgz#9e4667a9aa0b639eea5f3d04e97df090317>
  integrity sha512-K5eef+mBg+qp2hjY/j69CnceQxKXnlxq3YhUpstKlcgd+yMpnFW4u6tVpB6xG7/Mcmx1jngxfMZ2/lkvj7FHog==
  dependencies:
    bootstrap "^5.3.8"

moment-jalaali@^0.10.0:
  version "0.10.4"
  resolved "https://registry.yarnpkg.com/moment-jalaali/-/moment-jalaali-0.10.4.tgz#8ca2c1651e3310be947049a1013acf9025cecfd6"
  integrity sha512-/eD0HeyvATznb5iE0G1BHjKRZAFEpJ9ZNUkcHwXhNgt1WJJVVzHD7+uDmqzZWVFLdbGme2gvIXKb3ezDYOXcZA==
  dependencies:
    jalaali-js "^1.2.7"
    moment "^2.29.4"
    moment-timezone "^0.5.46"

moment-timezone@^0.5.46:
  version "0.5.48"
  resolved "https://registry.yarnpkg.com/moment-timezone/-/moment-timezone-0.5.48.tgz#111727bb274734a518ae154b5ca589283f058967"
  integrity sha512-f22b8LV1gbTO2ms2j2z13MuPogNoh5UzxL3nzNAYKGraILnbGc9NEE6dyiiiLv46DGRb8A4kg8UKWLjPthxBHw==
  dependencies:
    moment "^2.29.4"

moment@^2.29.4, moment@^2.30.1:
  version "2.30.1"
  resolved "https://registry.yarnpkg.com/moment/-/moment-2.30.1.tgz#f8c91c07b7a786e30c59926df530b4eac96974ae"
  integrity sha512-uEmtNhbDOrWPFS+hdjFCBfy9f2YoyzRpwcl+DqpC6taX21FzsTLQVbMV/W7PzNSX6x/bhC1zA3c2UQ5NzH6how==

